// !$*UTF8*$!
{
	archiveVersion = 1;
	classes = {
	};
	objectVersion = 77;
	objects = {

/* Begin PBXBuildFile section */
		2528DFB02DBD475700DD2329 /* FirebaseAnalyticsWithoutAdIdSupport in Frameworks */ = {isa = PBXBuildFile; productRef = 2528DFAF2DBD475700DD2329 /* FirebaseAnalyticsWithoutAdIdSupport */; };
		2528DFB22DBD475700DD2329 /* FirebaseAuth in Frameworks */ = {isa = PBXBuildFile; productRef = 2528DFB12DBD475700DD2329 /* FirebaseAuth */; };
		2528DFB42DBD475700DD2329 /* FirebaseCore in Frameworks */ = {isa = PBXBuildFile; productRef = 2528DFB32DBD475700DD2329 /* FirebaseCore */; };
		2528DFB62DBD475700DD2329 /* FirebaseFirestore in Frameworks */ = {isa = PBXBuildFile; productRef = 2528DFB52DBD475700DD2329 /* FirebaseFirestore */; };
		2528DFB82DBD475700DD2329 /* FirebaseStorage in Frameworks */ = {isa = PBXBuildFile; productRef = 2528DFB72DBD475700DD2329 /* FirebaseStorage */; };
		2528DFE22DC1296B00DD2329 /* SessionManager.swift in Sources */ = {isa = PBXBuildFile; fileRef = 2528DFE12DC1295F00DD2329 /* SessionManager.swift */; };
/* End PBXBuildFile section */

/* Begin PBXContainerItemProxy section */
		2528DF8C2DBD41AC00DD2329 /* PBXContainerItemProxy */ = {
			isa = PBXContainerItemProxy;
			containerPortal = 2528DF732DBD41A900DD2329 /* Project object */;
			proxyType = 1;
			remoteGlobalIDString = 2528DF7A2DBD41A900DD2329;
			remoteInfo = Map;
		};
		2528DF962DBD41AC00DD2329 /* PBXContainerItemProxy */ = {
			isa = PBXContainerItemProxy;
			containerPortal = 2528DF732DBD41A900DD2329 /* Project object */;
			proxyType = 1;
			remoteGlobalIDString = 2528DF7A2DBD41A900DD2329;
			remoteInfo = Map;
		};
/* End PBXContainerItemProxy section */

/* Begin PBXFileReference section */
		2528DF7B2DBD41A900DD2329 /* Map.app */ = {isa = PBXFileReference; explicitFileType = wrapper.application; includeInIndex = 0; path = Map.app; sourceTree = BUILT_PRODUCTS_DIR; };
		2528DF8B2DBD41AC00DD2329 /* MapTests.xctest */ = {isa = PBXFileReference; explicitFileType = wrapper.cfbundle; includeInIndex = 0; path = MapTests.xctest; sourceTree = BUILT_PRODUCTS_DIR; };
		2528DF952DBD41AC00DD2329 /* MapUITests.xctest */ = {isa = PBXFileReference; explicitFileType = wrapper.cfbundle; includeInIndex = 0; path = MapUITests.xctest; sourceTree = BUILT_PRODUCTS_DIR; };
		2528DFE12DC1295F00DD2329 /* SessionManager.swift */ = {isa = PBXFileReference; lastKnownFileType = sourcecode.swift; path = SessionManager.swift; sourceTree = "<group>"; };
/* End PBXFileReference section */

/* Begin PBXFileSystemSynchronizedBuildFileExceptionSet section */
		2528DFAC2DBD41F600DD2329 /* Exceptions for "Map" folder in "MapTests" target */ = {
			isa = PBXFileSystemSynchronizedBuildFileExceptionSet;
			membershipExceptions = (
				"GoogleService-Info.plist",
			);
			target = 2528DF8A2DBD41AC00DD2329 /* MapTests */;
		};
		2528DFAD2DBD41F600DD2329 /* Exceptions for "Map" folder in "MapUITests" target */ = {
			isa = PBXFileSystemSynchronizedBuildFileExceptionSet;
			membershipExceptions = (
				"GoogleService-Info.plist",
			);
			target = 2528DF942DBD41AC00DD2329 /* MapUITests */;
		};
		2528DFC72DBE386900DD2329 /* Exceptions for "Map" folder in "Map" target */ = {
			isa = PBXFileSystemSynchronizedBuildFileExceptionSet;
			membershipExceptions = (
				Info.plist,
			);
			target = 2528DF7A2DBD41A900DD2329 /* Map */;
		};
/* End PBXFileSystemSynchronizedBuildFileExceptionSet section */

/* Begin PBXFileSystemSynchronizedRootGroup section */
		2528DF7D2DBD41A900DD2329 /* Map */ = {
			isa = PBXFileSystemSynchronizedRootGroup;
			exceptions = (
				2528DFC72DBE386900DD2329 /* Exceptions for "Map" folder in "Map" target */,
				2528DFAC2DBD41F600DD2329 /* Exceptions for "Map" folder in "MapTests" target */,
				2528DFAD2DBD41F600DD2329 /* Exceptions for "Map" folder in "MapUITests" target */,
			);
			path = Map;
			sourceTree = "<group>";
		};
		2528DF8E2DBD41AC00DD2329 /* MapTests */ = {
			isa = PBXFileSystemSynchronizedRootGroup;
			path = MapTests;
			sourceTree = "<group>";
		};
		2528DF982DBD41AC00DD2329 /* MapUITests */ = {
			isa = PBXFileSystemSynchronizedRootGroup;
			path = MapUITests;
			sourceTree = "<group>";
		};
		2528DFD82DC1217000DD2329 /* Users */ = {
			isa = PBXFileSystemSynchronizedRootGroup;
			path = Users;
			sourceTree = "<group>";
		};
/* End PBXFileSystemSynchronizedRootGroup section */

/* Begin PBXFrameworksBuildPhase section */
		2528DF782DBD41A900DD2329 /* Frameworks */ = {
			isa = PBXFrameworksBuildPhase;
			buildActionMask = 2147483647;
			files = (
				2528DFB02DBD475700DD2329 /* FirebaseAnalyticsWithoutAdIdSupport in Frameworks */,
				2528DFB62DBD475700DD2329 /* FirebaseFirestore in Frameworks */,
				2528DFB42DBD475700DD2329 /* FirebaseCore in Frameworks */,
				2528DFB82DBD475700DD2329 /* FirebaseStorage in Frameworks */,
				2528DFB22DBD475700DD2329 /* FirebaseAuth in Frameworks */,
			);
			runOnlyForDeploymentPostprocessing = 0;
		};
		2528DF882DBD41AC00DD2329 /* Frameworks */ = {
			isa = PBXFrameworksBuildPhase;
			buildActionMask = 2147483647;
			files = (
			);
			runOnlyForDeploymentPostprocessing = 0;
		};
		2528DF922DBD41AC00DD2329 /* Frameworks */ = {
			isa = PBXFrameworksBuildPhase;
			buildActionMask = 2147483647;
			files = (
			);
			runOnlyForDeploymentPostprocessing = 0;
		};
/* End PBXFrameworksBuildPhase section */

/* Begin PBXGroup section */
		2528DF722DBD41A900DD2329 = {
			isa = PBXGroup;
			children = (
				2528DFE12DC1295F00DD2329 /* SessionManager.swift */,
				2528DFD82DC1217000DD2329 /* Users */,
				2528DF7D2DBD41A900DD2329 /* Map */,
				2528DF8E2DBD41AC00DD2329 /* MapTests */,
				2528DF982DBD41AC00DD2329 /* MapUITests */,
				2528DF7C2DBD41A900DD2329 /* Products */,
			);
			sourceTree = "<group>";
		};
		2528DF7C2DBD41A900DD2329 /* Products */ = {
			isa = PBXGroup;
			children = (
				2528DF7B2DBD41A900DD2329 /* Map.app */,
				2528DF8B2DBD41AC00DD2329 /* MapTests.xctest */,
				2528DF952DBD41AC00DD2329 /* MapUITests.xctest */,
			);
			name = Products;
			sourceTree = "<group>";
		};
/* End PBXGroup section */

/* Begin PBXNativeTarget section */
		2528DF7A2DBD41A900DD2329 /* Map */ = {
			isa = PBXNativeTarget;
			buildConfigurationList = 2528DF9F2DBD41AC00DD2329 /* Build configuration list for PBXNativeTarget "Map" */;
			buildPhases = (
				2528DF772DBD41A900DD2329 /* Sources */,
				2528DF782DBD41A900DD2329 /* Frameworks */,
				2528DF792DBD41A900DD2329 /* Resources */,
			);
			buildRules = (
			);
			dependencies = (
			);
			fileSystemSynchronizedGroups = (
				2528DF7D2DBD41A900DD2329 /* Map */,
				2528DFD82DC1217000DD2329 /* Users */,
			);
			name = Map;
			packageProductDependencies = (
				2528DFAF2DBD475700DD2329 /* FirebaseAnalyticsWithoutAdIdSupport */,
				2528DFB12DBD475700DD2329 /* FirebaseAuth */,
				2528DFB32DBD475700DD2329 /* FirebaseCore */,
				2528DFB52DBD475700DD2329 /* FirebaseFirestore */,
				2528DFB72DBD475700DD2329 /* FirebaseStorage */,
			);
			productName = Map;
			productReference = 2528DF7B2DBD41A900DD2329 /* Map.app */;
			productType = "com.apple.product-type.application";
		};
		2528DF8A2DBD41AC00DD2329 /* MapTests */ = {
			isa = PBXNativeTarget;
			buildConfigurationList = 2528DFA22DBD41AC00DD2329 /* Build configuration list for PBXNativeTarget "MapTests" */;
			buildPhases = (
				2528DF872DBD41AC00DD2329 /* Sources */,
				2528DF882DBD41AC00DD2329 /* Frameworks */,
				2528DF892DBD41AC00DD2329 /* Resources */,
			);
			buildRules = (
			);
			dependencies = (
				2528DF8D2DBD41AC00DD2329 /* PBXTargetDependency */,
			);
			fileSystemSynchronizedGroups = (
				2528DF8E2DBD41AC00DD2329 /* MapTests */,
			);
			name = MapTests;
			packageProductDependencies = (
			);
			productName = MapTests;
			productReference = 2528DF8B2DBD41AC00DD2329 /* MapTests.xctest */;
			productType = "com.apple.product-type.bundle.unit-test";
		};
		2528DF942DBD41AC00DD2329 /* MapUITests */ = {
			isa = PBXNativeTarget;
			buildConfigurationList = 2528DFA52DBD41AC00DD2329 /* Build configuration list for PBXNativeTarget "MapUITests" */;
			buildPhases = (
				2528DF912DBD41AC00DD2329 /* Sources */,
				2528DF922DBD41AC00DD2329 /* Frameworks */,
				2528DF932DBD41AC00DD2329 /* Resources */,
			);
			buildRules = (
			);
			dependencies = (
				2528DF972DBD41AC00DD2329 /* PBXTargetDependency */,
			);
			fileSystemSynchronizedGroups = (
				2528DF982DBD41AC00DD2329 /* MapUITests */,
			);
			name = MapUITests;
			packageProductDependencies = (
			);
			productName = MapUITests;
			productReference = 2528DF952DBD41AC00DD2329 /* MapUITests.xctest */;
			productType = "com.apple.product-type.bundle.ui-testing";
		};
/* End PBXNativeTarget section */

/* Begin PBXProject section */
		2528DF732DBD41A900DD2329 /* Project object */ = {
			isa = PBXProject;
			attributes = {
				BuildIndependentTargetsInParallel = 1;
				LastSwiftUpdateCheck = 1620;
				LastUpgradeCheck = 1620;
				TargetAttributes = {
					2528DF7A2DBD41A900DD2329 = {
						CreatedOnToolsVersion = 16.2;
					};
					2528DF8A2DBD41AC00DD2329 = {
						CreatedOnToolsVersion = 16.2;
						TestTargetID = 2528DF7A2DBD41A900DD2329;
					};
					2528DF942DBD41AC00DD2329 = {
						CreatedOnToolsVersion = 16.2;
						TestTargetID = 2528DF7A2DBD41A900DD2329;
					};
				};
			};
			buildConfigurationList = 2528DF762DBD41A900DD2329 /* Build configuration list for PBXProject "Map" */;
			developmentRegion = en;
			hasScannedForEncodings = 0;
			knownRegions = (
				en,
				Base,
			);
			mainGroup = 2528DF722DBD41A900DD2329;
			minimizedProjectReferenceProxies = 1;
			packageReferences = (
				2528DFAE2DBD442C00DD2329 /* XCRemoteSwiftPackageReference "firebase-ios-sdk" */,
			);
			preferredProjectObjectVersion = 77;
			productRefGroup = 2528DF7C2DBD41A900DD2329 /* Products */;
			projectDirPath = "";
			projectRoot = "";
			targets = (
				2528DF7A2DBD41A900DD2329 /* Map */,
				2528DF8A2DBD41AC00DD2329 /* MapTests */,
				2528DF942DBD41AC00DD2329 /* MapUITests */,
			);
		};
/* End PBXProject section */

/* Begin PBXResourcesBuildPhase section */
		2528DF792DBD41A900DD2329 /* Resources */ = {
			isa = PBXResourcesBuildPhase;
			buildActionMask = 2147483647;
			files = (
			);
			runOnlyForDeploymentPostprocessing = 0;
		};
		2528DF892DBD41AC00DD2329 /* Resources */ = {
			isa = PBXResourcesBuildPhase;
			buildActionMask = 2147483647;
			files = (
			);
			runOnlyForDeploymentPostprocessing = 0;
		};
		2528DF932DBD41AC00DD2329 /* Resources */ = {
			isa = PBXResourcesBuildPhase;
			buildActionMask = 2147483647;
			files = (
			);
			runOnlyForDeploymentPostprocessing = 0;
		};
/* End PBXResourcesBuildPhase section */

/* Begin PBXSourcesBuildPhase section */
		2528DF772DBD41A900DD2329 /* Sources */ = {
			isa = PBXSourcesBuildPhase;
			buildActionMask = 2147483647;
			files = (
				2528DFE22DC1296B00DD2329 /* SessionManager.swift in Sources */,
			);
			runOnlyForDeploymentPostprocessing = 0;
		};
		2528DF872DBD41AC00DD2329 /* Sources */ = {
			isa = PBXSourcesBuildPhase;
			buildActionMask = 2147483647;
			files = (
			);
			runOnlyForDeploymentPostprocessing = 0;
		};
		2528DF912DBD41AC00DD2329 /* Sources */ = {
			isa = PBXSourcesBuildPhase;
			buildActionMask = 2147483647;
			files = (
			);
			runOnlyForDeploymentPostprocessing = 0;
		};
/* End PBXSourcesBuildPhase section */

/* Begin PBXTargetDependency section */
		2528DF8D2DBD41AC00DD2329 /* PBXTargetDependency */ = {
			isa = PBXTargetDependency;
			target = 2528DF7A2DBD41A900DD2329 /* Map */;
			targetProxy = 2528DF8C2DBD41AC00DD2329 /* PBXContainerItemProxy */;
		};
		2528DF972DBD41AC00DD2329 /* PBXTargetDependency */ = {
			isa = PBXTargetDependency;
			target = 2528DF7A2DBD41A900DD2329 /* Map */;
			targetProxy = 2528DF962DBD41AC00DD2329 /* PBXContainerItemProxy */;
		};
/* End PBXTargetDependency section */

/* Begin XCBuildConfiguration section */
		2528DF9D2DBD41AC00DD2329 /* Debug */ = {
			isa = XCBuildConfiguration;
			buildSettings = {
				ALWAYS_SEARCH_USER_PATHS = NO;
				ASSETCATALOG_COMPILER_GENERATE_SWIFT_ASSET_SYMBOL_EXTENSIONS = YES;
				CLANG_ANALYZER_NONNULL = YES;
				CLANG_ANALYZER_NUMBER_OBJECT_CONVERSION = YES_AGGRESSIVE;
				CLANG_CXX_LANGUAGE_STANDARD = "gnu++20";
				CLANG_ENABLE_MODULES = YES;
				CLANG_ENABLE_OBJC_ARC = YES;
				CLANG_ENABLE_OBJC_WEAK = YES;
				CLANG_WARN_BLOCK_CAPTURE_AUTORELEASING = YES;
				CLANG_WARN_BOOL_CONVERSION = YES;
				CLANG_WARN_COMMA = YES;
				CLANG_WARN_CONSTANT_CONVERSION = YES;
				CLANG_WARN_DEPRECATED_OBJC_IMPLEMENTATIONS = YES;
				CLANG_WARN_DIRECT_OBJC_ISA_USAGE = YES_ERROR;
				CLANG_WARN_DOCUMENTATION_COMMENTS = YES;
				CLANG_WARN_EMPTY_BODY = YES;
				CLANG_WARN_ENUM_CONVERSION = YES;
				CLANG_WARN_INFINITE_RECURSION = YES;
				CLANG_WARN_INT_CONVERSION = YES;
				CLANG_WARN_NON_LITERAL_NULL_CONVERSION = YES;
				CLANG_WARN_OBJC_IMPLICIT_RETAIN_SELF = YES;
				CLANG_WARN_OBJC_LITERAL_CONVERSION = YES;
				CLANG_WARN_OBJC_ROOT_CLASS = YES_ERROR;
				CLANG_WARN_QUOTED_INCLUDE_IN_FRAMEWORK_HEADER = YES;
				CLANG_WARN_RANGE_LOOP_ANALYSIS = YES;
				CLANG_WARN_STRICT_PROTOTYPES = YES;
				CLANG_WARN_SUSPICIOUS_MOVE = YES;
				CLANG_WARN_UNGUARDED_AVAILABILITY = YES_AGGRESSIVE;
				CLANG_WARN_UNREACHABLE_CODE = YES;
				CLANG_WARN__DUPLICATE_METHOD_MATCH = YES;
				COPY_PHASE_STRIP = NO;
				DEBUG_INFORMATION_FORMAT = dwarf;
				ENABLE_STRICT_OBJC_MSGSEND = YES;
				ENABLE_TESTABILITY = YES;
				ENABLE_USER_SCRIPT_SANDBOXING = YES;
				GCC_C_LANGUAGE_STANDARD = gnu17;
				GCC_DYNAMIC_NO_PIC = NO;
				GCC_NO_COMMON_BLOCKS = YES;
				GCC_OPTIMIZATION_LEVEL = 0;
				GCC_PREPROCESSOR_DEFINITIONS = (
					"DEBUG=1",
					"$(inherited)",
				);
				GCC_WARN_64_TO_32_BIT_CONVERSION = YES;
				GCC_WARN_ABOUT_RETURN_TYPE = YES_ERROR;
				GCC_WARN_UNDECLARED_SELECTOR = YES;
				GCC_WARN_UNINITIALIZED_AUTOS = YES_AGGRESSIVE;
				GCC_WARN_UNUSED_FUNCTION = YES;
				GCC_WARN_UNUSED_VARIABLE = YES;
				IPHONEOS_DEPLOYMENT_TARGET = 18.2;
				LOCALIZATION_PREFERS_STRING_CATALOGS = YES;
				MTL_ENABLE_DEBUG_INFO = INCLUDE_SOURCE;
				MTL_FAST_MATH = YES;
				ONLY_ACTIVE_ARCH = YES;
				SDKROOT = iphoneos;
				SWIFT_ACTIVE_COMPILATION_CONDITIONS = "DEBUG $(inherited)";
				SWIFT_OPTIMIZATION_LEVEL = "-Onone";
			};
			name = Debug;
		};
		2528DF9E2DBD41AC00DD2329 /* Release */ = {
			isa = XCBuildConfiguration;
			buildSettings = {
				ALWAYS_SEARCH_USER_PATHS = NO;
				ASSETCATALOG_COMPILER_GENERATE_SWIFT_ASSET_SYMBOL_EXTENSIONS = YES;
				CLANG_ANALYZER_NONNULL = YES;
				CLANG_ANALYZER_NUMBER_OBJECT_CONVERSION = YES_AGGRESSIVE;
				CLANG_CXX_LANGUAGE_STANDARD = "gnu++20";
				CLANG_ENABLE_MODULES = YES;
				CLANG_ENABLE_OBJC_ARC = YES;
				CLANG_ENABLE_OBJC_WEAK = YES;
				CLANG_WARN_BLOCK_CAPTURE_AUTORELEASING = YES;
				CLANG_WARN_BOOL_CONVERSION = YES;
				CLANG_WARN_COMMA = YES;
				CLANG_WARN_CONSTANT_CONVERSION = YES;
				CLANG_WARN_DEPRECATED_OBJC_IMPLEMENTATIONS = YES;
				CLANG_WARN_DIRECT_OBJC_ISA_USAGE = YES_ERROR;
				CLANG_WARN_DOCUMENTATION_COMMENTS = YES;
				CLANG_WARN_EMPTY_BODY = YES;
				CLANG_WARN_ENUM_CONVERSION = YES;
				CLANG_WARN_INFINITE_RECURSION = YES;
				CLANG_WARN_INT_CONVERSION = YES;
				CLANG_WARN_NON_LITERAL_NULL_CONVERSION = YES;
				CLANG_WARN_OBJC_IMPLICIT_RETAIN_SELF = YES;
				CLANG_WARN_OBJC_LITERAL_CONVERSION = YES;
				CLANG_WARN_OBJC_ROOT_CLASS = YES_ERROR;
				CLANG_WARN_QUOTED_INCLUDE_IN_FRAMEWORK_HEADER = YES;
				CLANG_WARN_RANGE_LOOP_ANALYSIS = YES;
				CLANG_WARN_STRICT_PROTOTYPES = YES;
				CLANG_WARN_SUSPICIOUS_MOVE = YES;
				CLANG_WARN_UNGUARDED_AVAILABILITY = YES_AGGRESSIVE;
				CLANG_WARN_UNREACHABLE_CODE = YES;
				CLANG_WARN__DUPLICATE_METHOD_MATCH = YES;
				COPY_PHASE_STRIP = NO;
				DEBUG_INFORMATION_FORMAT = "dwarf-with-dsym";
				ENABLE_NS_ASSERTIONS = NO;
				ENABLE_STRICT_OBJC_MSGSEND = YES;
				ENABLE_USER_SCRIPT_SANDBOXING = YES;
				GCC_C_LANGUAGE_STANDARD = gnu17;
				GCC_NO_COMMON_BLOCKS = YES;
				GCC_WARN_64_TO_32_BIT_CONVERSION = YES;
				GCC_WARN_ABOUT_RETURN_TYPE = YES_ERROR;
				GCC_WARN_UNDECLARED_SELECTOR = YES;
				GCC_WARN_UNINITIALIZED_AUTOS = YES_AGGRESSIVE;
				GCC_WARN_UNUSED_FUNCTION = YES;
				GCC_WARN_UNUSED_VARIABLE = YES;
				IPHONEOS_DEPLOYMENT_TARGET = 18.2;
				LOCALIZATION_PREFERS_STRING_CATALOGS = YES;
				MTL_ENABLE_DEBUG_INFO = NO;
				MTL_FAST_MATH = YES;
				SDKROOT = iphoneos;
				SWIFT_COMPILATION_MODE = wholemodule;
				VALIDATE_PRODUCT = YES;
			};
			name = Release;
		};
		2528DFA02DBD41AC00DD2329 /* Debug */ = {
			isa = XCBuildConfiguration;
			buildSettings = {
				ASSETCATALOG_COMPILER_APPICON_NAME = AppIcon;
				ASSETCATALOG_COMPILER_GLOBAL_ACCENT_COLOR_NAME = AccentColor;
				CODE_SIGN_STYLE = Automatic;
				CURRENT_PROJECT_VERSION = 1;
				DEVELOPMENT_ASSET_PATHS = "\"Map/Preview Content\"";
				DEVELOPMENT_TEAM = 6QQ2GFD9W8;
				ENABLE_PREVIEWS = YES;
				GENERATE_INFOPLIST_FILE = YES;
				INFOPLIST_FILE = Map/Info.plist;
				INFOPLIST_KEY_NSCameraUsageDescription = "We need access to your camera to upload issue photos.";
				INFOPLIST_KEY_NSLocationWhenInUseUsageDescription = "We need your location to attach it to the reported issue.";
				INFOPLIST_KEY_UIApplicationSceneManifest_Generation = YES;
				INFOPLIST_KEY_UIApplicationSupportsIndirectInputEvents = YES;
				INFOPLIST_KEY_UILaunchScreen_Generation = YES;
				INFOPLIST_KEY_UISupportedInterfaceOrientations_iPad = "UIInterfaceOrientationPortrait UIInterfaceOrientationPortraitUpsideDown UIInterfaceOrientationLandscapeLeft UIInterfaceOrientationLandscapeRight";
				INFOPLIST_KEY_UISupportedInterfaceOrientations_iPhone = "UIInterfaceOrientationPortrait UIInterfaceOrientationLandscapeLeft UIInterfaceOrientationLandscapeRight";
				LD_RUNPATH_SEARCH_PATHS = (
					"$(inherited)",
					"@executable_path/Frameworks",
				);
				MARKETING_VERSION = 1.0;
				PRODUCT_BUNDLE_IDENTIFIER = com.urban.site;
				PRODUCT_NAME = "$(TARGET_NAME)";
				SWIFT_EMIT_LOC_STRINGS = YES;
				SWIFT_VERSION = 5.0;
				TARGETED_DEVICE_FAMILY = "1,2";
			};
			name = Debug;
		};
		2528DFA12DBD41AC00DD2329 /* Release */ = {
			isa = XCBuildConfiguration;
			buildSettings = {
				ASSETCATALOG_COMPILER_APPICON_NAME = AppIcon;
				ASSETCATALOG_COMPILER_GLOBAL_ACCENT_COLOR_NAME = AccentColor;
				CODE_SIGN_STYLE = Automatic;
				CURRENT_PROJECT_VERSION = 1;
				DEVELOPMENT_ASSET_PATHS = "\"Map/Preview Content\"";
				DEVELOPMENT_TEAM = 6QQ2GFD9W8;
				ENABLE_PREVIEWS = YES;
				GENERATE_INFOPLIST_FILE = YES;
				INFOPLIST_FILE = Map/Info.plist;
				INFOPLIST_KEY_NSCameraUsageDescription = "We need access to your camera to upload issue photos.";
				INFOPLIST_KEY_NSLocationWhenInUseUsageDescription = "We need your location to attach it to the reported issue.";
				INFOPLIST_KEY_UIApplicationSceneManifest_Generation = YES;
				INFOPLIST_KEY_UIApplicationSupportsIndirectInputEvents = YES;
				INFOPLIST_KEY_UILaunchScreen_Generation = YES;
				INFOPLIST_KEY_UISupportedInterfaceOrientations_iPad = "UIInterfaceOrientationPortrait UIInterfaceOrientationPortraitUpsideDown UIInterfaceOrientationLandscapeLeft UIInterfaceOrientationLandscapeRight";
				INFOPLIST_KEY_UISupportedInterfaceOrientations_iPhone = "UIInterfaceOrientationPortrait UIInterfaceOrientationLandscapeLeft UIInterfaceOrientationLandscapeRight";
				LD_RUNPATH_SEARCH_PATHS = (
					"$(inherited)",
					"@executable_path/Frameworks",
				);
				MARKETING_VERSION = 1.0;
				PRODUCT_BUNDLE_IDENTIFIER = com.urban.site;
				PRODUCT_NAME = "$(TARGET_NAME)";
				SWIFT_EMIT_LOC_STRINGS = YES;
				SWIFT_VERSION = 5.0;
				TARGETED_DEVICE_FAMILY = "1,2";
			};
			name = Release;
		};
		2528DFA32DBD41AC00DD2329 /* Debug */ = {
			isa = XCBuildConfiguration;
			buildSettings = {
				BUNDLE_LOADER = "$(TEST_HOST)";
				CODE_SIGN_STYLE = Automatic;
				CURRENT_PROJECT_VERSION = 1;
				GENERATE_INFOPLIST_FILE = YES;
				IPHONEOS_DEPLOYMENT_TARGET = 18.2;
				MARKETING_VERSION = 1.0;
				PRODUCT_BUNDLE_IDENTIFIER = com.urban.site.MapTests;
				PRODUCT_NAME = "$(TARGET_NAME)";
				SWIFT_EMIT_LOC_STRINGS = NO;
				SWIFT_VERSION = 5.0;
				TARGETED_DEVICE_FAMILY = "1,2";
				TEST_HOST = "$(BUILT_PRODUCTS_DIR)/Map.app/$(BUNDLE_EXECUTABLE_FOLDER_PATH)/Map";
			};
			name = Debug;
		};
		2528DFA42DBD41AC00DD2329 /* Release */ = {
			isa = XCBuildConfiguration;
			buildSettings = {
				BUNDLE_LOADER = "$(TEST_HOST)";
				CODE_SIGN_STYLE = Automatic;
				CURRENT_PROJECT_VERSION = 1;
				GENERATE_INFOPLIST_FILE = YES;
				IPHONEOS_DEPLOYMENT_TARGET = 18.2;
				MARKETING_VERSION = 1.0;
				PRODUCT_BUNDLE_IDENTIFIER = com.urban.site.MapTests;
				PRODUCT_NAME = "$(TARGET_NAME)";
				SWIFT_EMIT_LOC_STRINGS = NO;
				SWIFT_VERSION = 5.0;
				TARGETED_DEVICE_FAMILY = "1,2";
				TEST_HOST = "$(BUILT_PRODUCTS_DIR)/Map.app/$(BUNDLE_EXECUTABLE_FOLDER_PATH)/Map";
			};
			name = Release;
		};
		2528DFA62DBD41AC00DD2329 /* Debug */ = {
			isa = XCBuildConfiguration;
			buildSettings = {
				CODE_SIGN_STYLE = Automatic;
				CURRENT_PROJECT_VERSION = 1;
				GENERATE_INFOPLIST_FILE = YES;
				MARKETING_VERSION = 1.0;
				PRODUCT_BUNDLE_IDENTIFIER = com.urban.site.MapUITests;
				PRODUCT_NAME = "$(TARGET_NAME)";
				SWIFT_EMIT_LOC_STRINGS = NO;
				SWIFT_VERSION = 5.0;
				TARGETED_DEVICE_FAMILY = "1,2";
				TEST_TARGET_NAME = Map;
			};
			name = Debug;
		};
		2528DFA72DBD41AC00DD2329 /* Release */ = {
			isa = XCBuildConfiguration;
			buildSettings = {
				CODE_SIGN_STYLE = Automatic;
				CURRENT_PROJECT_VERSION = 1;
				GENERATE_INFOPLIST_FILE = YES;
				MARKETING_VERSION = 1.0;
				PRODUCT_BUNDLE_IDENTIFIER = com.urban.site.MapUITests;
				PRODUCT_NAME = "$(TARGET_NAME)";
				SWIFT_EMIT_LOC_STRINGS = NO;
				SWIFT_VERSION = 5.0;
				TARGETED_DEVICE_FAMILY = "1,2";
				TEST_TARGET_NAME = Map;
			};
			name = Release;
		};
/* End XCBuildConfiguration section */

/* Begin XCConfigurationList section */
		2528DF762DBD41A900DD2329 /* Build configuration list for PBXProject "Map" */ = {
			isa = XCConfigurationList;
			buildConfigurations = (
				2528DF9D2DBD41AC00DD2329 /* Debug */,
				2528DF9E2DBD41AC00DD2329 /* Release */,
			);
			defaultConfigurationIsVisible = 0;
			defaultConfigurationName = Release;
		};
		2528DF9F2DBD41AC00DD2329 /* Build configuration list for PBXNativeTarget "Map" */ = {
			isa = XCConfigurationList;
			buildConfigurations = (
				2528DFA02DBD41AC00DD2329 /* Debug */,
				2528DFA12DBD41AC00DD2329 /* Release */,
			);
			defaultConfigurationIsVisible = 0;
			defaultConfigurationName = Release;
		};
		2528DFA22DBD41AC00DD2329 /* Build configuration list for PBXNativeTarget "MapTests" */ = {
			isa = XCConfigurationList;
			buildConfigurations = (
				2528DFA32DBD41AC00DD2329 /* Debug */,
				2528DFA42DBD41AC00DD2329 /* Release */,
			);
			defaultConfigurationIsVisible = 0;
			defaultConfigurationName = Release;
		};
		2528DFA52DBD41AC00DD2329 /* Build configuration list for PBXNativeTarget "MapUITests" */ = {
			isa = XCConfigurationList;
			buildConfigurations = (
				2528DFA62DBD41AC00DD2329 /* Debug */,
				2528DFA72DBD41AC00DD2329 /* Release */,
			);
			defaultConfigurationIsVisible = 0;
			defaultConfigurationName = Release;
		};
/* End XCConfigurationList section */

/* Begin XCRemoteSwiftPackageReference section */
		2528DFAE2DBD442C00DD2329 /* XCRemoteSwiftPackageReference "firebase-ios-sdk" */ = {
			isa = XCRemoteSwiftPackageReference;
			repositoryURL = "https://github.com/firebase/firebase-ios-sdk";
			requirement = {
				kind = upToNextMajorVersion;
				minimumVersion = 11.12.0;
			};
		};
/* End XCRemoteSwiftPackageReference section */

/* Begin XCSwiftPackageProductDependency section */
		2528DFAF2DBD475700DD2329 /* FirebaseAnalyticsWithoutAdIdSupport */ = {
			isa = XCSwiftPackageProductDependency;
			package = 2528DFAE2DBD442C00DD2329 /* XCRemoteSwiftPackageReference "firebase-ios-sdk" */;
			productName = FirebaseAnalyticsWithoutAdIdSupport;
		};
		2528DFB12DBD475700DD2329 /* FirebaseAuth */ = {
			isa = XCSwiftPackageProductDependency;
			package = 2528DFAE2DBD442C00DD2329 /* XCRemoteSwiftPackageReference "firebase-ios-sdk" */;
			productName = FirebaseAuth;
		};
		2528DFB32DBD475700DD2329 /* FirebaseCore */ = {
			isa = XCSwiftPackageProductDependency;
			package = 2528DFAE2DBD442C00DD2329 /* XCRemoteSwiftPackageReference "firebase-ios-sdk" */;
			productName = FirebaseCore;
		};
		2528DFB52DBD475700DD2329 /* FirebaseFirestore */ = {
			isa = XCSwiftPackageProductDependency;
			package = 2528DFAE2DBD442C00DD2329 /* XCRemoteSwiftPackageReference "firebase-ios-sdk" */;
			productName = FirebaseFirestore;
		};
		2528DFB72DBD475700DD2329 /* FirebaseStorage */ = {
			isa = XCSwiftPackageProductDependency;
			package = 2528DFAE2DBD442C00DD2329 /* XCRemoteSwiftPackageReference "firebase-ios-sdk" */;
			productName = FirebaseStorage;
		};
/* End XCSwiftPackageProductDependency section */
	};
	rootObject = 2528DF732DBD41A900DD2329 /* Project object */;
}
